
Microsoft Visual Studio Solution File, Format Version 11.00
# Visual Studio 2010
Project("{FAE04EC0-301F-11D3-BF4B-00C04F79EFBC}") = "FlvStream2File", "FlvStream2File.csproj", "{BE776BF6-F247-4D23-94CB-8A12DD75DAF9}"
EndProject
Project("{FAE04EC0-301F-11D3-BF4B-00C04F79EFBC}") = "ConsoleTest", "..\ConsoleTest\ConsoleTest.csproj", "{0F51F57F-CF55-4B8B-B1DD-ADB1B2ABE042}"
EndProject
Global
	GlobalSection(SolutionConfigurationPlatforms) = preSolution
		Debug|Any CPU = Debug|Any CPU
		Debug|Mixed Platforms = Debug|Mixed Platforms
		Debug|x86 = Debug|x86
		Release|Any CPU = Release|Any CPU
		Release|Mixed Platforms = Release|Mixed Platforms
		Release|x86 = Release|x86
	EndGlobalSection
	GlobalSection(ProjectConfigurationPlatforms) = postSolution
		{BE776BF6-F247-4D23-94CB-8A12DD75DAF9}.Debug|Any CPU.ActiveCfg = Debug|Any CPU
		{BE776BF6-F247-4D23-94CB-8A12DD75DAF9}.Debug|Any CPU.Build.0 = Debug|Any CPU
		{BE776BF6-F247-4D23-94CB-8A12DD75DAF9}.Debug|Mixed Platforms.ActiveCfg = Debug|Any CPU
		{BE776BF6-F247-4D23-94CB-8A12DD75DAF9}.Debug|Mixed Platforms.Build.0 = Debug|Any CPU
		{BE776BF6-F247-4D23-94CB-8A12DD75DAF9}.Debug|x86.ActiveCfg = Debug|Any CPU
		{BE776BF6-F247-4D23-94CB-8A12DD75DAF9}.Release|Any CPU.ActiveCfg = Release|Any CPU
		{BE776BF6-F247-4D23-94CB-8A12DD75DAF9}.Release|Any CPU.Build.0 = Release|Any CPU
		{BE776BF6-F247-4D23-94CB-8A12DD75DAF9}.Release|Mixed Platforms.ActiveCfg = Release|Any CPU
		{BE776BF6-F247-4D23-94CB-8A12DD75DAF9}.Release|Mixed Platforms.Build.0 = Release|Any CPU
		{BE776BF6-F247-4D23-94CB-8A12DD75DAF9}.Release|x86.ActiveCfg = Release|Any CPU
		{0F51F57F-CF55-4B8B-B1DD-ADB1B2ABE042}.Debug|Any CPU.ActiveCfg = Debug|x86
		{0F51F57F-CF55-4B8B-B1DD-ADB1B2ABE042}.Debug|Mixed Platforms.ActiveCfg = Debug|x86
		{0F51F57F-CF55-4B8B-B1DD-ADB1B2ABE042}.Debug|Mixed Platforms.Build.0 = Debug|x86
		{0F51F57F-CF55-4B8B-B1DD-ADB1B2ABE042}.Debug|x86.ActiveCfg = Debug|x86
		{0F51F57F-CF55-4B8B-B1DD-ADB1B2ABE042}.Debug|x86.Build.0 = Debug|x86
		{0F51F57F-CF55-4B8B-B1DD-ADB1B2ABE042}.Release|Any CPU.ActiveCfg = Release|x86
		{0F51F57F-CF55-4B8B-B1DD-ADB1B2ABE042}.Release|Mixed Platforms.ActiveCfg = Release|x86
		{0F51F57F-CF55-4B8B-B1DD-ADB1B2ABE042}.Release|Mixed Platforms.Build.0 = Release|x86
		{0F51F57F-CF55-4B8B-B1DD-ADB1B2ABE042}.Release|x86.ActiveCfg = Release|x86
		{0F51F57F-CF55-4B8B-B1DD-ADB1B2ABE042}.Release|x86.Build.0 = Release|x86
	EndGlobalSection
	GlobalSection(SolutionProperties) = preSolution
		HideSolutionNode = FALSE
	EndGlobalSection
EndGlobal
